// !$*UTF8*$!
{
	archiveVersion = 1;
	classes = {
	};
	objectVersion = 55;
	objects = {

/* Begin PBXBuildFile section */
		860B06DA28747D11009B8824 /* CustomDivider.swift in Sources */ = {isa = PBXBuildFile; fileRef = 860B06D928747D11009B8824 /* CustomDivider.swift */; };
		860B06DC28747D7A009B8824 /* CrewRosterView.swift in Sources */ = {isa = PBXBuildFile; fileRef = 860B06DB28747D7A009B8824 /* CrewRosterView.swift */; };
		860B06DF28748498009B8824 /* ListView.swift in Sources */ = {isa = PBXBuildFile; fileRef = 860B06DD28748498009B8824 /* ListView.swift */; };
		860B06E028748498009B8824 /* GridView.swift in Sources */ = {isa = PBXBuildFile; fileRef = 860B06DE28748498009B8824 /* GridView.swift */; };
		8619812728735BB6006BF267 /* astronauts.json in Resources */ = {isa = PBXBuildFile; fileRef = 8619812528735BB6006BF267 /* astronauts.json */; };
		8619812828735BB6006BF267 /* missions.json in Resources */ = {isa = PBXBuildFile; fileRef = 8619812628735BB6006BF267 /* missions.json */; };
		8619812A28735C1E006BF267 /* Astronaut.swift in Sources */ = {isa = PBXBuildFile; fileRef = 8619812928735C1E006BF267 /* Astronaut.swift */; };
		8619812C28735C7C006BF267 /* Bundle-Decodable.swift in Sources */ = {isa = PBXBuildFile; fileRef = 8619812B28735C7C006BF267 /* Bundle-Decodable.swift */; };
		8619812E28735E00006BF267 /* Mission.swift in Sources */ = {isa = PBXBuildFile; fileRef = 8619812D28735E00006BF267 /* Mission.swift */; };
		8624A4672873ECD10000D4AF /* color-theme.swift in Sources */ = {isa = PBXBuildFile; fileRef = 8624A4662873ECD10000D4AF /* color-theme.swift */; };
		8624A46B2873F0030000D4AF /* MissionView.swift in Sources */ = {isa = PBXBuildFile; fileRef = 8624A46A2873F0030000D4AF /* MissionView.swift */; };
		8624A46D2873F9780000D4AF /* AstronautView.swift in Sources */ = {isa = PBXBuildFile; fileRef = 8624A46C2873F9780000D4AF /* AstronautView.swift */; };
		8681FB4E2871E92A00778980 /* MoonShotApp.swift in Sources */ = {isa = PBXBuildFile; fileRef = 8681FB4D2871E92A00778980 /* MoonShotApp.swift */; };
		8681FB502871E92A00778980 /* ContentView.swift in Sources */ = {isa = PBXBuildFile; fileRef = 8681FB4F2871E92A00778980 /* ContentView.swift */; };
		8681FB522871E92D00778980 /* Assets.xcassets in Resources */ = {isa = PBXBuildFile; fileRef = 8681FB512871E92D00778980 /* Assets.xcassets */; };
		8681FB552871E92D00778980 /* Preview Assets.xcassets in Resources */ = {isa = PBXBuildFile; fileRef = 8681FB542871E92D00778980 /* Preview Assets.xcassets */; };
/* End PBXBuildFile section */

/* Begin PBXFileReference section */
		860B06D928747D11009B8824 /* CustomDivider.swift */ = {isa = PBXFileReference; lastKnownFileType = sourcecode.swift; path = CustomDivider.swift; sourceTree = "<group>"; };
		860B06DB28747D7A009B8824 /* CrewRosterView.swift */ = {isa = PBXFileReference; lastKnownFileType = sourcecode.swift; path = CrewRosterView.swift; sourceTree = "<group>"; };
		860B06DD28748498009B8824 /* ListView.swift */ = {isa = PBXFileReference; fileEncoding = 4; lastKnownFileType = sourcecode.swift; path = ListView.swift; sourceTree = "<group>"; };
		860B06DE28748498009B8824 /* GridView.swift */ = {isa = PBXFileReference; fileEncoding = 4; lastKnownFileType = sourcecode.swift; path = GridView.swift; sourceTree = "<group>"; };
		8619812528735BB6006BF267 /* astronauts.json */ = {isa = PBXFileReference; fileEncoding = 4; lastKnownFileType = text.json; path = astronauts.json; sourceTree = "<group>"; };
		8619812628735BB6006BF267 /* missions.json */ = {isa = PBXFileReference; fileEncoding = 4; lastKnownFileType = text.json; path = missions.json; sourceTree = "<group>"; };
		8619812928735C1E006BF267 /* Astronaut.swift */ = {isa = PBXFileReference; lastKnownFileType = sourcecode.swift; path = Astronaut.swift; sourceTree = "<group>"; };
		8619812B28735C7C006BF267 /* Bundle-Decodable.swift */ = {isa = PBXFileReference; lastKnownFileType = sourcecode.swift; path = "Bundle-Decodable.swift"; sourceTree = "<group>"; };
		8619812D28735E00006BF267 /* Mission.swift */ = {isa = PBXFileReference; lastKnownFileType = sourcecode.swift; path = Mission.swift; sourceTree = "<group>"; };
		8624A4662873ECD10000D4AF /* color-theme.swift */ = {isa = PBXFileReference; lastKnownFileType = sourcecode.swift; path = "color-theme.swift"; sourceTree = "<group>"; };
		8624A46A2873F0030000D4AF /* MissionView.swift */ = {isa = PBXFileReference; lastKnownFileType = sourcecode.swift; path = MissionView.swift; sourceTree = "<group>"; };
		8624A46C2873F9780000D4AF /* AstronautView.swift */ = {isa = PBXFileReference; lastKnownFileType = sourcecode.swift; path = AstronautView.swift; sourceTree = "<group>"; };
		8681FB4A2871E92A00778980 /* MoonShot.app */ = {isa = PBXFileReference; explicitFileType = wrapper.application; includeInIndex = 0; path = MoonShot.app; sourceTree = BUILT_PRODUCTS_DIR; };
		8681FB4D2871E92A00778980 /* MoonShotApp.swift */ = {isa = PBXFileReference; lastKnownFileType = sourcecode.swift; path = MoonShotApp.swift; sourceTree = "<group>"; };
		8681FB4F2871E92A00778980 /* ContentView.swift */ = {isa = PBXFileReference; lastKnownFileType = sourcecode.swift; path = ContentView.swift; sourceTree = "<group>"; };
		8681FB512871E92D00778980 /* Assets.xcassets */ = {isa = PBXFileReference; lastKnownFileType = folder.assetcatalog; path = Assets.xcassets; sourceTree = "<group>"; };
		8681FB542871E92D00778980 /* Preview Assets.xcassets */ = {isa = PBXFileReference; lastKnownFileType = folder.assetcatalog; path = "Preview Assets.xcassets"; sourceTree = "<group>"; };
/* End PBXFileReference section */

/* Begin PBXFrameworksBuildPhase section */
		8681FB472871E92A00778980 /* Frameworks */ = {
			isa = PBXFrameworksBuildPhase;
			buildActionMask = 2147483647;
			files = (
			);
			runOnlyForDeploymentPostprocessing = 0;
		};
/* End PBXFrameworksBuildPhase section */

/* Begin PBXGroup section */
		8681FB412871E92A00778980 = {
			isa = PBXGroup;
			children = (
				8681FB4C2871E92A00778980 /* MoonShot */,
				8681FB4B2871E92A00778980 /* Products */,
			);
			sourceTree = "<group>";
		};
		8681FB4B2871E92A00778980 /* Products */ = {
			isa = PBXGroup;
			children = (
				8681FB4A2871E92A00778980 /* MoonShot.app */,
			);
			name = Products;
			sourceTree = "<group>";
		};
		8681FB4C2871E92A00778980 /* MoonShot */ = {
			isa = PBXGroup;
			children = (
				8681FB4D2871E92A00778980 /* MoonShotApp.swift */,
				8681FB4F2871E92A00778980 /* ContentView.swift */,
				860B06DE28748498009B8824 /* GridView.swift */,
				860B06DD28748498009B8824 /* ListView.swift */,
				860B06D928747D11009B8824 /* CustomDivider.swift */,
				8624A46A2873F0030000D4AF /* MissionView.swift */,
				860B06DB28747D7A009B8824 /* CrewRosterView.swift */,
				8624A46C2873F9780000D4AF /* AstronautView.swift */,
				8624A4662873ECD10000D4AF /* color-theme.swift */,
				8619812D28735E00006BF267 /* Mission.swift */,
				8619812928735C1E006BF267 /* Astronaut.swift */,
				8619812B28735C7C006BF267 /* Bundle-Decodable.swift */,
				8619812528735BB6006BF267 /* astronauts.json */,
				8619812628735BB6006BF267 /* missions.json */,
				8681FB512871E92D00778980 /* Assets.xcassets */,
				8681FB532871E92D00778980 /* Preview Content */,
			);
			path = MoonShot;
			sourceTree = "<group>";
		};
		8681FB532871E92D00778980 /* Preview Content */ = {
			isa = PBXGroup;
			children = (
				8681FB542871E92D00778980 /* Preview Assets.xcassets */,
			);
			path = "Preview Content";
			sourceTree = "<group>";
		};
/* End PBXGroup section */

/* Begin PBXNativeTarget section */
		8681FB492871E92A00778980 /* MoonShot */ = {
			isa = PBXNativeTarget;
			buildConfigurationList = 8681FB582871E92D00778980 /* Build configuration list for PBXNativeTarget "MoonShot" */;
			buildPhases = (
				8681FB462871E92A00778980 /* Sources */,
				8681FB472871E92A00778980 /* Frameworks */,
				8681FB482871E92A00778980 /* Resources */,
			);
			buildRules = (
			);
			dependencies = (
			);
			name = MoonShot;
			productName = MoonShot;
			productReference = 8681FB4A2871E92A00778980 /* MoonShot.app */;
			productType = "com.apple.product-type.application";
		};
/* End PBXNativeTarget section */

/* Begin PBXProject section */
		8681FB422871E92A00778980 /* Project object */ = {
			isa = PBXProject;
			attributes = {
				BuildIndependentTargetsInParallel = 1;
				LastSwiftUpdateCheck = 1340;
				LastUpgradeCheck = 1340;
				TargetAttributes = {
					8681FB492871E92A00778980 = {
						CreatedOnToolsVersion = 13.4.1;
					};
				};
			};
			buildConfigurationList = 8681FB452871E92A00778980 /* Build configuration list for PBXProject "MoonShot" */;
			compatibilityVersion = "Xcode 13.0";
			developmentRegion = en;
			hasScannedForEncodings = 0;
			knownRegions = (
				en,
				Base,
			);
			mainGroup = 8681FB412871E92A00778980;
			productRefGroup = 8681FB4B2871E92A00778980 /* Products */;
			projectDirPath = "";
			projectRoot = "";
			targets = (
				8681FB492871E92A00778980 /* MoonShot */,
			);
		};
/* End PBXProject section */

/* Begin PBXResourcesBuildPhase section */
		8681FB482871E92A00778980 /* Resources */ = {
			isa = PBXResourcesBuildPhase;
			buildActionMask = 2147483647;
			files = (
				8619812728735BB6006BF267 /* astronauts.json in Resources */,
				8681FB552871E92D00778980 /* Preview Assets.xcassets in Resources */,
				8619812828735BB6006BF267 /* missions.json in Resources */,
				8681FB522871E92D00778980 /* Assets.xcassets in Resources */,
			);
			runOnlyForDeploymentPostprocessing = 0;
		};
/* End PBXResourcesBuildPhase section */

/* Begin PBXSourcesBuildPhase section */
		8681FB462871E92A00778980 /* Sources */ = {
			isa = PBXSourcesBuildPhase;
			buildActionMask = 2147483647;
			files = (
				8624A46B2873F0030000D4AF /* MissionView.swift in Sources */,
				8619812A28735C1E006BF267 /* Astronaut.swift in Sources */,
				860B06DC28747D7A009B8824 /* CrewRosterView.swift in Sources */,
				8624A46D2873F9780000D4AF /* AstronautView.swift in Sources */,
				8681FB502871E92A00778980 /* ContentView.swift in Sources */,
				8681FB4E2871E92A00778980 /* MoonShotApp.swift in Sources */,
				8619812E28735E00006BF267 /* Mission.swift in Sources */,
				8619812C28735C7C006BF267 /* Bundle-Decodable.swift in Sources */,
				860B06DF28748498009B8824 /* ListView.swift in Sources */,
				8624A4672873ECD10000D4AF /* color-theme.swift in Sources */,
				860B06E028748498009B8824 /* GridView.swift in Sources */,
				860B06DA28747D11009B8824 /* CustomDivider.swift in Sources */,
			);
			runOnlyForDeploymentPostprocessing = 0;
		};
/* End PBXSourcesBuildPhase section */

/* Begin XCBuildConfiguration section */
		8681FB562871E92D00778980 /* Debug */ = {
			isa = XCBuildConfiguration;
			buildSettings = {
				ALWAYS_SEARCH_USER_PATHS = NO;
				CLANG_ANALYZER_NONNULL = YES;
				CLANG_ANALYZER_NUMBER_OBJECT_CONVERSION = YES_AGGRESSIVE;
				CLANG_CXX_LANGUAGE_STANDARD = "gnu++17";
				CLANG_ENABLE_MODULES = YES;
				CLANG_ENABLE_OBJC_ARC = YES;
				CLANG_ENABLE_OBJC_WEAK = YES;
				CLANG_WARN_BLOCK_CAPTURE_AUTORELEASING = YES;
				CLANG_WARN_BOOL_CONVERSION = YES;
				CLANG_WARN_COMMA = YES;
				CLANG_WARN_CONSTANT_CONVERSION = YES;
				CLANG_WARN_DEPRECATED_OBJC_IMPLEMENTATIONS = YES;
				CLANG_WARN_DIRECT_OBJC_ISA_USAGE = YES_ERROR;
				CLANG_WARN_DOCUMENTATION_COMMENTS = YES;
				CLANG_WARN_EMPTY_BODY = YES;
				CLANG_WARN_ENUM_CONVERSION = YES;
				CLANG_WARN_INFINITE_RECURSION = YES;
				CLANG_WARN_INT_CONVERSION = YES;
				CLANG_WARN_NON_LITERAL_NULL_CONVERSION = YES;
				CLANG_WARN_OBJC_IMPLICIT_RETAIN_SELF = YES;
				CLANG_WARN_OBJC_LITERAL_CONVERSION = YES;
				CLANG_WARN_OBJC_ROOT_CLASS = YES_ERROR;
				CLANG_WARN_QUOTED_INCLUDE_IN_FRAMEWORK_HEADER = YES;
				CLANG_WARN_RANGE_LOOP_ANALYSIS = YES;
				CLANG_WARN_STRICT_PROTOTYPES = YES;
				CLANG_WARN_SUSPICIOUS_MOVE = YES;
				CLANG_WARN_UNGUARDED_AVAILABILITY = YES_AGGRESSIVE;
				CLANG_WARN_UNREACHABLE_CODE = YES;
				CLANG_WARN__DUPLICATE_METHOD_MATCH = YES;
				COPY_PHASE_STRIP = NO;
				DEBUG_INFORMATION_FORMAT = dwarf;
				ENABLE_STRICT_OBJC_MSGSEND = YES;
				ENABLE_TESTABILITY = YES;
				GCC_C_LANGUAGE_STANDARD = gnu11;
				GCC_DYNAMIC_NO_PIC = NO;
				GCC_NO_COMMON_BLOCKS = YES;
				GCC_OPTIMIZATION_LEVEL = 0;
				GCC_PREPROCESSOR_DEFINITIONS = (
					"DEBUG=1",
					"$(inherited)",
				);
				GCC_WARN_64_TO_32_BIT_CONVERSION = YES;
				GCC_WARN_ABOUT_RETURN_TYPE = YES_ERROR;
				GCC_WARN_UNDECLARED_SELECTOR = YES;
				GCC_WARN_UNINITIALIZED_AUTOS = YES_AGGRESSIVE;
				GCC_WARN_UNUSED_FUNCTION = YES;
				GCC_WARN_UNUSED_VARIABLE = YES;
				IPHONEOS_DEPLOYMENT_TARGET = 15.5;
				MTL_ENABLE_DEBUG_INFO = INCLUDE_SOURCE;
				MTL_FAST_MATH = YES;
				ONLY_ACTIVE_ARCH = YES;
				SDKROOT = iphoneos;
				SWIFT_ACTIVE_COMPILATION_CONDITIONS = DEBUG;
				SWIFT_OPTIMIZATION_LEVEL = "-Onone";
			};
			name = Debug;
		};
		8681FB572871E92D00778980 /* Release */ = {
			isa = XCBuildConfiguration;
			buildSettings = {
				ALWAYS_SEARCH_USER_PATHS = NO;
				CLANG_ANALYZER_NONNULL = YES;
				CLANG_ANALYZER_NUMBER_OBJECT_CONVERSION = YES_AGGRESSIVE;
				CLANG_CXX_LANGUAGE_STANDARD = "gnu++17";
				CLANG_ENABLE_MODULES = YES;
				CLANG_ENABLE_OBJC_ARC = YES;
				CLANG_ENABLE_OBJC_WEAK = YES;
				CLANG_WARN_BLOCK_CAPTURE_AUTORELEASING = YES;
				CLANG_WARN_BOOL_CONVERSION = YES;
				CLANG_WARN_COMMA = YES;
				CLANG_WARN_CONSTANT_CONVERSION = YES;
				CLANG_WARN_DEPRECATED_OBJC_IMPLEMENTATIONS = YES;
				CLANG_WARN_DIRECT_OBJC_ISA_USAGE = YES_ERROR;
				CLANG_WARN_DOCUMENTATION_COMMENTS = YES;
				CLANG_WARN_EMPTY_BODY = YES;
				CLANG_WARN_ENUM_CONVERSION = YES;
				CLANG_WARN_INFINITE_RECURSION = YES;
				CLANG_WARN_INT_CONVERSION = YES;
				CLANG_WARN_NON_LITERAL_NULL_CONVERSION = YES;
				CLANG_WARN_OBJC_IMPLICIT_RETAIN_SELF = YES;
				CLANG_WARN_OBJC_LITERAL_CONVERSION = YES;
				CLANG_WARN_OBJC_ROOT_CLASS = YES_ERROR;
				CLANG_WARN_QUOTED_INCLUDE_IN_FRAMEWORK_HEADER = YES;
				CLANG_WARN_RANGE_LOOP_ANALYSIS = YES;
				CLANG_WARN_STRICT_PROTOTYPES = YES;
				CLANG_WARN_SUSPICIOUS_MOVE = YES;
				CLANG_WARN_UNGUARDED_AVAILABILITY = YES_AGGRESSIVE;
				CLANG_WARN_UNREACHABLE_CODE = YES;
				CLANG_WARN__DUPLICATE_METHOD_MATCH = YES;
				COPY_PHASE_STRIP = NO;
				DEBUG_INFORMATION_FORMAT = "dwarf-with-dsym";
				ENABLE_NS_ASSERTIONS = NO;
				ENABLE_STRICT_OBJC_MSGSEND = YES;
				GCC_C_LANGUAGE_STANDARD = gnu11;
				GCC_NO_COMMON_BLOCKS = YES;
				GCC_WARN_64_TO_32_BIT_CONVERSION = YES;
				GCC_WARN_ABOUT_RETURN_TYPE = YES_ERROR;
				GCC_WARN_UNDECLARED_SELECTOR = YES;
				GCC_WARN_UNINITIALIZED_AUTOS = YES_AGGRESSIVE;
				GCC_WARN_UNUSED_FUNCTION = YES;
				GCC_WARN_UNUSED_VARIABLE = YES;
				IPHONEOS_DEPLOYMENT_TARGET = 15.5;
				MTL_ENABLE_DEBUG_INFO = NO;
				MTL_FAST_MATH = YES;
				SDKROOT = iphoneos;
				SWIFT_COMPILATION_MODE = wholemodule;
				SWIFT_OPTIMIZATION_LEVEL = "-O";
				VALIDATE_PRODUCT = YES;
			};
			name = Release;
		};
		8681FB592871E92D00778980 /* Debug */ = {
			isa = XCBuildConfiguration;
			buildSettings = {
				ASSETCATALOG_COMPILER_APPICON_NAME = AppIcon;
				ASSETCATALOG_COMPILER_GLOBAL_ACCENT_COLOR_NAME = AccentColor;
				CODE_SIGN_STYLE = Automatic;
				CURRENT_PROJECT_VERSION = 1;
				DEVELOPMENT_ASSET_PATHS = "\"MoonShot/Preview Content\"";
				ENABLE_PREVIEWS = YES;
				GENERATE_INFOPLIST_FILE = YES;
				INFOPLIST_KEY_UIApplicationSceneManifest_Generation = YES;
				INFOPLIST_KEY_UIApplicationSupportsIndirectInputEvents = YES;
				INFOPLIST_KEY_UILaunchScreen_Generation = YES;
				INFOPLIST_KEY_UISupportedInterfaceOrientations_iPad = "UIInterfaceOrientationPortrait UIInterfaceOrientationPortraitUpsideDown UIInterfaceOrientationLandscapeLeft UIInterfaceOrientationLandscapeRight";
				INFOPLIST_KEY_UISupportedInterfaceOrientations_iPhone = "UIInterfaceOrientationPortrait UIInterfaceOrientationLandscapeLeft UIInterfaceOrientationLandscapeRight";
				LD_RUNPATH_SEARCH_PATHS = (
					"$(inherited)",
					"@executable_path/Frameworks",
				);
				MARKETING_VERSION = 1.0;
				PRODUCT_BUNDLE_IDENTIFIER = me.bhardwaj.Dhruv.MoonShot;
				PRODUCT_NAME = "$(TARGET_NAME)";
				SWIFT_EMIT_LOC_STRINGS = YES;
				SWIFT_VERSION = 5.0;
				TARGETED_DEVICE_FAMILY = "1,2";
			};
			name = Debug;
		};
		8681FB5A2871E92D00778980 /* Release */ = {
			isa = XCBuildConfiguration;
			buildSettings = {
				ASSETCATALOG_COMPILER_APPICON_NAME = AppIcon;
				ASSETCATALOG_COMPILER_GLOBAL_ACCENT_COLOR_NAME = AccentColor;
				CODE_SIGN_STYLE = Automatic;
				CURRENT_PROJECT_VERSION = 1;
				DEVELOPMENT_ASSET_PATHS = "\"MoonShot/Preview Content\"";
				ENABLE_PREVIEWS = YES;
				GENERATE_INFOPLIST_FILE = YES;
				INFOPLIST_KEY_UIApplicationSceneManifest_Generation = YES;
				INFOPLIST_KEY_UIApplicationSupportsIndirectInputEvents = YES;
				INFOPLIST_KEY_UILaunchScreen_Generation = YES;
				INFOPLIST_KEY_UISupportedInterfaceOrientations_iPad = "UIInterfaceOrientationPortrait UIInterfaceOrientationPortraitUpsideDown UIInterfaceOrientationLandscapeLeft UIInterfaceOrientationLandscapeRight";
				INFOPLIST_KEY_UISupportedInterfaceOrientations_iPhone = "UIInterfaceOrientationPortrait UIInterfaceOrientationLandscapeLeft UIInterfaceOrientationLandscapeRight";
				LD_RUNPATH_SEARCH_PATHS = (
					"$(inherited)",
					"@executable_path/Frameworks",
				);
				MARKETING_VERSION = 1.0;
				PRODUCT_BUNDLE_IDENTIFIER = me.bhardwaj.Dhruv.MoonShot;
				PRODUCT_NAME = "$(TARGET_NAME)";
				SWIFT_EMIT_LOC_STRINGS = YES;
				SWIFT_VERSION = 5.0;
				TARGETED_DEVICE_FAMILY = "1,2";
			};
			name = Release;
		};
/* End XCBuildConfiguration section */

/* Begin XCConfigurationList section */
		8681FB452871E92A00778980 /* Build configuration list for PBXProject "MoonShot" */ = {
			isa = XCConfigurationList;
			buildConfigurations = (
				8681FB562871E92D00778980 /* Debug */,
				8681FB572871E92D00778980 /* Release */,
			);
			defaultConfigurationIsVisible = 0;
			defaultConfigurationName = Release;
		};
		8681FB582871E92D00778980 /* Build configuration list for PBXNativeTarget "MoonShot" */ = {
			isa = XCConfigurationList;
			buildConfigurations = (
				8681FB592871E92D00778980 /* Debug */,
				8681FB5A2871E92D00778980 /* Release */,
			);
			defaultConfigurationIsVisible = 0;
			defaultConfigurationName = Release;
		};
/* End XCConfigurationList section */
	};
	rootObject = 8681FB422871E92A00778980 /* Project object */;
}
